{
	"name": "ikigai",
	"version": "1.0.0",
	"lockfileVersion": 2,
	"requires": true,
	"packages": {
		"": {
			"name": "ikigai",
			"version": "1.0.0",
			"license": "MIT",
			"devDependencies": {
				"@types/node": "18.17.12",
				"typescript": "5.1.3"
			}
		},
		"node_modules/@types/node": {
			"version": "18.17.12",
			"resolved": "https://registry.npmjs.org/@types/node/-/node-18.17.12.tgz",
			"integrity": "sha512-d6xjC9fJ/nSnfDeU0AMDsaJyb1iHsqCSOdi84w4u+SlN/UgQdY5tRhpMzaFYsI4mnpvgTivEaQd0yOUhAtOnEQ==",
			"dev": true
		},
		"node_modules/typescript": {
			"version": "5.1.3",
			"resolved": "https://registry.npmjs.org/typescript/-/typescript-5.1.3.tgz",
			"integrity": "sha512-XH627E9vkeqhlZFQuL+UsyAXEnibT0kWR2FWONlr4sTjvxyJYnyefgrkyECLzM5NenmKzRAy2rR/OlYLA1HkZw==",
			"dev": true,
			"bin": {
				"tsc": "bin/tsc",
				"tsserver": "bin/tsserver"
			},
			"engines": {
				"node": ">=14.17"
			}
		}
	},
	"dependencies": {
		"@types/node": {
			"version": "18.17.12",
			"resolved": "https://registry.npmjs.org/@types/node/-/node-18.17.12.tgz",
			"integrity": "sha512-d6xjC9fJ/nSnfDeU0AMDsaJyb1iHsqCSOdi84w4u+SlN/UgQdY5tRhpMzaFYsI4mnpvgTivEaQd0yOUhAtOnEQ==",
			"dev": true
		},
		"typescript": {
			"version": "5.1.3",
			"resolved": "https://registry.npmjs.org/typescript/-/typescript-5.1.3.tgz",
			"integrity": "sha512-XH627E9vkeqhlZFQuL+UsyAXEnibT0kWR2FWONlr4sTjvxyJYnyefgrkyECLzM5NenmKzRAy2rR/OlYLA1HkZw==",
			"dev": true
		}
	}
}
